
Microsoft Visual Studio Solution File, Format Version 12.00
# Visual Studio Version 16
VisualStudioVersion = 16.0.28922.388
MinimumVisualStudioVersion = 10.0.40219.1
Project("{FAE04EC0-301F-11D3-BF4B-00C04F79EFBC}") = "OPCtest4", "OPCtest4.csproj", "{BADB357A-1682-441C-9F78-AC643CA87604}"
EndProject
Global
	GlobalSection(SolutionConfigurationPlatforms) = preSolution
		Debug|Any CPU = Debug|Any CPU
		Release|Any CPU = Release|Any CPU
	EndGlobalSection
	GlobalSection(ProjectConfigurationPlatforms) = postSolution
		{BADB357A-1682-441C-9F78-AC643CA87604}.Debug|Any CPU.ActiveCfg = Debug|Any CPU
		{BADB357A-1682-441C-9F78-AC643CA87604}.Debug|Any CPU.Build.0 = Debug|Any CPU
		{BADB357A-1682-441C-9F78-AC643CA87604}.Release|Any CPU.ActiveCfg = Release|Any CPU
		{BADB357A-1682-441C-9F78-AC643CA87604}.Release|Any CPU.Build.0 = Release|Any CPU
	EndGlobalSection
	GlobalSection(SolutionProperties) = preSolution
		HideSolutionNode = FALSE
	EndGlobalSection
	GlobalSection(ExtensibilityGlobals) = postSolution
		SolutionGuid = {9D596AF9-417C-4E64-84F5-41F1AD7ABC4A}
	EndGlobalSection
EndGlobal
